
Microsoft Visual Studio Solution File, Format Version 12.00
# Visual Studio Version 16
VisualStudioVersion = 16.0.31702.278
MinimumVisualStudioVersion = 10.0.40219.1
Project("{2150E333-8FDC-42A3-9474-1A3956D46DE8}") = "Sources", "Sources", "{CC8DB471-0644-430D-9D4B-808A2475BEC0}"
	ProjectSection(SolutionItems) = preProject
		Source\Mapping.Direct3D1x.xml = Source\Mapping.Direct3D1x.xml
		Source\Mapping.xml = Source\Mapping.xml
		Source\MappingFiles.props = Source\MappingFiles.props
		Source\SharedAssemblyInfo.cs = Source\SharedAssemblyInfo.cs
	EndProjectSection
EndProject
Project("{2150E333-8FDC-42A3-9474-1A3956D46DE8}") = "Tools", "Tools", "{F1AF9A3B-7856-46C9-992A-391E5455BF1F}"
EndProject
Project("{FAE04EC0-301F-11D3-BF4B-00C04F79EFBC}") = "SharpPak", "Source\Tools\SharpPak\SharpPak.csproj", "{5E597A82-9DE9-4BA5-AD76-51202190E951}"
EndProject
Project("{FAE04EC0-301F-11D3-BF4B-00C04F79EFBC}") = "Documentation", "Documentation\Documentation.csproj", "{9AA405CA-B7FD-44D0-9EBC-21F5D0F44DEB}"
EndProject
Project("{2150E333-8FDC-42A3-9474-1A3956D46DE8}") = "Documentation", "Documentation", "{57C5C966-ADB2-43F2-BB54-99BCB56C9F10}"
	ProjectSection(SolutionItems) = preProject
		ChangeLog.txt = ChangeLog.txt
		README.markdown = README.markdown
		ReleaseNotes.html = ReleaseNotes.html
	EndProjectSection
EndProject
Project("{2150E333-8FDC-42A3-9474-1A3956D46DE8}") = "Tests", "Tests", "{1B526C0E-EE4A-4E8F-BF8F-8C7397FB4918}"
EndProject
Project("{FAE04EC0-301F-11D3-BF4B-00C04F79EFBC}") = "SharpDX.Tests", "Source\Tests\SharpDX.Tests\SharpDX.Tests.csproj", "{931FA266-E756-41CA-9736-8B29235DC999}"
EndProject
Project("{FAE04EC0-301F-11D3-BF4B-00C04F79EFBC}") = "SharpGitLog", "Source\Tools\SharpGitLog\SharpGitLog.csproj", "{15BA35B5-3E54-4715-8857-36F4F96F51FB}"
EndProject
Project("{2150E333-8FDC-42A3-9474-1A3956D46DE8}") = "Build", "Build", "{3EF31A42-4EEF-44AC-8D18-D036D080A955}"
	ProjectSection(SolutionItems) = preProject
		Source\Directory.build.props = Source\Directory.build.props
		Source\Directory.build.targets = Source\Directory.build.targets
	EndProjectSection
EndProject
Project("{FAE04EC0-301F-11D3-BF4B-00C04F79EFBC}") = "SharpDX", "Source\SharpDX\SharpDX.csproj", "{DFC0291C-0E48-4EFC-B613-7168D43AFE54}"
EndProject
Project("{FAE04EC0-301F-11D3-BF4B-00C04F79EFBC}") = "SharpDX.Desktop", "Source\SharpDX.Desktop\SharpDX.Desktop.csproj", "{80DFFAAF-175A-4CA5-B024-4218ADDDC018}"
EndProject
Project("{FAE04EC0-301F-11D3-BF4B-00C04F79EFBC}") = "SharpDX.Animation", "Source\SharpDX.Animation\SharpDX.Animation.csproj", "{33A1AEA3-BD54-4A05-BE57-69B1268EAF88}"
EndProject
Project("{FAE04EC0-301F-11D3-BF4B-00C04F79EFBC}") = "SharpDX.Direct2D1", "Source\SharpDX.Direct2D1\SharpDX.Direct2D1.csproj", "{82249B6A-B906-471F-BD78-1A8053E4ADE0}"
EndProject
Project("{FAE04EC0-301F-11D3-BF4B-00C04F79EFBC}") = "SharpDX.Direct3D9", "Source\SharpDX.Direct3D9\SharpDX.Direct3D9.csproj", "{3F193066-9834-45C7-91AF-1D3769E97609}"
EndProject
Project("{FAE04EC0-301F-11D3-BF4B-00C04F79EFBC}") = "SharpDX.Direct3D10", "Source\SharpDX.Direct3D10\SharpDX.Direct3D10.csproj", "{725396B2-697D-4E58-B616-F7CD0876BBA6}"
EndProject
Project("{FAE04EC0-301F-11D3-BF4B-00C04F79EFBC}") = "SharpDX.Direct3D11", "Source\SharpDX.Direct3D11\SharpDX.Direct3D11.csproj", "{1B6B5666-7CEA-476A-9692-B55F29049E33}"
EndProject
Project("{FAE04EC0-301F-11D3-BF4B-00C04F79EFBC}") = "SharpDX.Direct3D11.Effects", "Source\SharpDX.Direct3D11.Effects\SharpDX.Direct3D11.Effects.csproj", "{488B7745-3460-42C8-9EBC-DD919FCB4DB5}"
EndProject
Project("{FAE04EC0-301F-11D3-BF4B-00C04F79EFBC}") = "SharpDX.Direct3D12", "Source\SharpDX.Direct3D12\SharpDX.Direct3D12.csproj", "{8D476604-D2CA-48B3-A4BA-66C7814975B5}"
EndProject
Project("{FAE04EC0-301F-11D3-BF4B-00C04F79EFBC}") = "SharpDX.DirectComposition", "Source\SharpDX.DirectComposition\SharpDX.DirectComposition.csproj", "{2FEF3A37-F9BB-4FD0-8A07-B40CD01CA07E}"
EndProject
Project("{FAE04EC0-301F-11D3-BF4B-00C04F79EFBC}") = "SharpDX.DirectInput", "Source\SharpDX.DirectInput\SharpDX.DirectInput.csproj", "{35C0058F-ED98-420E-A927-FB2B124647E6}"
EndProject
Project("{FAE04EC0-301F-11D3-BF4B-00C04F79EFBC}") = "SharpDX.DirectManipulation", "Source\SharpDX.DirectManipulation\SharpDX.DirectManipulation.csproj", "{FBB1B5F4-4B05-45C1-882E-8B2632A4EF67}"
EndProject
Project("{FAE04EC0-301F-11D3-BF4B-00C04F79EFBC}") = "SharpDX.DirectSound", "Source\SharpDX.DirectSound\SharpDX.DirectSound.csproj", "{F12835DC-12E7-4406-ACC2-954539938E22}"
EndProject
Project("{FAE04EC0-301F-11D3-BF4B-00C04F79EFBC}") = "SharpDX.DXGI", "Source\SharpDX.DXGI\SharpDX.DXGI.csproj", "{F19D851F-2709-43C4-8AE9-D4B4ED193978}"
EndProject
Project("{FAE04EC0-301F-11D3-BF4B-00C04F79EFBC}") = "SharpDX.Mathematics", "Source\SharpDX.Mathematics\SharpDX.Mathematics.csproj", "{62BCE002-1A1D-440A-B87F-7171915CE727}"
EndProject
Project("{FAE04EC0-301F-11D3-BF4B-00C04F79EFBC}") = "SharpDX.MediaFoundation", "Source\SharpDX.MediaFoundation\SharpDX.MediaFoundation.csproj", "{D2CBFB46-162B-4C2D-80F7-92A8402B2FCF}"
EndProject
Project("{FAE04EC0-301F-11D3-BF4B-00C04F79EFBC}") = "SharpDX.RawInput", "Source\SharpDX.RawInput\SharpDX.RawInput.csproj", "{8EF5FFA4-7278-44DC-A2DE-9A2FEB954442}"
EndProject
Project("{FAE04EC0-301F-11D3-BF4B-00C04F79EFBC}") = "SharpDX.XAudio2", "Source\SharpDX.XAudio2\SharpDX.XAudio2.csproj", "{8AC25C83-6B5D-4305-817A-1CCF665B568F}"
EndProject
Project("{FAE04EC0-301F-11D3-BF4B-00C04F79EFBC}") = "SharpDX.XInput", "Source\SharpDX.XInput\SharpDX.XInput.csproj", "{CFA214C9-69F8-45B1-9DF7-5A399CB64395}"
EndProject
Project("{FAE04EC0-301F-11D3-BF4B-00C04F79EFBC}") = "SharpDX.D3DCompiler", "Source\SharpDX.D3DCompiler\SharpDX.D3DCompiler.csproj", "{44523AE0-2384-41F6-AEFE-0706F56323B8}"
EndProject
Global
	GlobalSection(SolutionConfigurationPlatforms) = preSolution
		Debug|Any CPU = Debug|Any CPU
		Debug|x86 = Debug|x86
		Release|Any CPU = Release|Any CPU
		Release|x86 = Release|x86
	EndGlobalSection
	GlobalSection(ProjectConfigurationPlatforms) = postSolution
		{5E597A82-9DE9-4BA5-AD76-51202190E951}.Debug|Any CPU.ActiveCfg = Debug|Any CPU
		{5E597A82-9DE9-4BA5-AD76-51202190E951}.Debug|Any CPU.Build.0 = Debug|Any CPU
		{5E597A82-9DE9-4BA5-AD76-51202190E951}.Debug|x86.ActiveCfg = Debug|Any CPU
		{5E597A82-9DE9-4BA5-AD76-51202190E951}.Debug|x86.Build.0 = Debug|Any CPU
		{5E597A82-9DE9-4BA5-AD76-51202190E951}.Release|Any CPU.ActiveCfg = Release|Any CPU
		{5E597A82-9DE9-4BA5-AD76-51202190E951}.Release|Any CPU.Build.0 = Release|Any CPU
		{5E597A82-9DE9-4BA5-AD76-51202190E951}.Release|x86.ActiveCfg = Release|Any CPU
		{5E597A82-9DE9-4BA5-AD76-51202190E951}.Release|x86.Build.0 = Release|Any CPU
		{9AA405CA-B7FD-44D0-9EBC-21F5D0F44DEB}.Debug|Any CPU.ActiveCfg = Debug|Any CPU
		{9AA405CA-B7FD-44D0-9EBC-21F5D0F44DEB}.Debug|Any CPU.Build.0 = Debug|Any CPU
		{9AA405CA-B7FD-44D0-9EBC-21F5D0F44DEB}.Debug|x86.ActiveCfg = Debug|Any CPU
		{9AA405CA-B7FD-44D0-9EBC-21F5D0F44DEB}.Debug|x86.Build.0 = Debug|Any CPU
		{9AA405CA-B7FD-44D0-9EBC-21F5D0F44DEB}.Release|Any CPU.ActiveCfg = Release|Any CPU
		{9AA405CA-B7FD-44D0-9EBC-21F5D0F44DEB}.Release|Any CPU.Build.0 = Release|Any CPU
		{9AA405CA-B7FD-44D0-9EBC-21F5D0F44DEB}.Release|x86.ActiveCfg = Release|Any CPU
		{9AA405CA-B7FD-44D0-9EBC-21F5D0F44DEB}.Release|x86.Build.0 = Release|Any CPU
		{931FA266-E756-41CA-9736-8B29235DC999}.Debug|Any CPU.ActiveCfg = Debug|Any CPU
		{931FA266-E756-41CA-9736-8B29235DC999}.Debug|Any CPU.Build.0 = Debug|Any CPU
		{931FA266-E756-41CA-9736-8B29235DC999}.Debug|x86.ActiveCfg = Debug|Any CPU
		{931FA266-E756-41CA-9736-8B29235DC999}.Debug|x86.Build.0 = Debug|Any CPU
		{931FA266-E756-41CA-9736-8B29235DC999}.Release|Any CPU.ActiveCfg = Release|Any CPU
		{931FA266-E756-41CA-9736-8B29235DC999}.Release|x86.ActiveCfg = Release|Any CPU
		{931FA266-E756-41CA-9736-8B29235DC999}.Release|x86.Build.0 = Release|Any CPU
		{15BA35B5-3E54-4715-8857-36F4F96F51FB}.Debug|Any CPU.ActiveCfg = Debug|Any CPU
		{15BA35B5-3E54-4715-8857-36F4F96F51FB}.Debug|Any CPU.Build.0 = Debug|Any CPU
		{15BA35B5-3E54-4715-8857-36F4F96F51FB}.Debug|x86.ActiveCfg = Debug|Any CPU
		{15BA35B5-3E54-4715-8857-36F4F96F51FB}.Debug|x86.Build.0 = Debug|Any CPU
		{15BA35B5-3E54-4715-8857-36F4F96F51FB}.Release|Any CPU.ActiveCfg = Release|Any CPU
		{15BA35B5-3E54-4715-8857-36F4F96F51FB}.Release|Any CPU.Build.0 = Release|Any CPU
		{15BA35B5-3E54-4715-8857-36F4F96F51FB}.Release|x86.ActiveCfg = Release|Any CPU
		{15BA35B5-3E54-4715-8857-36F4F96F51FB}.Release|x86.Build.0 = Release|Any CPU
		{DFC0291C-0E48-4EFC-B613-7168D43AFE54}.Debug|Any CPU.ActiveCfg = Debug|Any CPU
		{DFC0291C-0E48-4EFC-B613-7168D43AFE54}.Debug|Any CPU.Build.0 = Debug|Any CPU
		{DFC0291C-0E48-4EFC-B613-7168D43AFE54}.Debug|x86.ActiveCfg = Debug|Any CPU
		{DFC0291C-0E48-4EFC-B613-7168D43AFE54}.Debug|x86.Build.0 = Debug|Any CPU
		{DFC0291C-0E48-4EFC-B613-7168D43AFE54}.Release|Any CPU.ActiveCfg = Release|Any CPU
		{DFC0291C-0E48-4EFC-B613-7168D43AFE54}.Release|Any CPU.Build.0 = Release|Any CPU
		{DFC0291C-0E48-4EFC-B613-7168D43AFE54}.Release|x86.ActiveCfg = Release|Any CPU
		{DFC0291C-0E48-4EFC-B613-7168D43AFE54}.Release|x86.Build.0 = Release|Any CPU
		{80DFFAAF-175A-4CA5-B024-4218ADDDC018}.Debug|Any CPU.ActiveCfg = Debug|Any CPU
		{80DFFAAF-175A-4CA5-B024-4218ADDDC018}.Debug|Any CPU.Build.0 = Debug|Any CPU
		{80DFFAAF-175A-4CA5-B024-4218ADDDC018}.Debug|x86.ActiveCfg = Debug|Any CPU
		{80DFFAAF-175A-4CA5-B024-4218ADDDC018}.Debug|x86.Build.0 = Debug|Any CPU
		{80DFFAAF-175A-4CA5-B024-4218ADDDC018}.Release|Any CPU.ActiveCfg = Release|Any CPU
		{80DFFAAF-175A-4CA5-B024-4218ADDDC018}.Release|Any CPU.Build.0 = Release|Any CPU
		{80DFFAAF-175A-4CA5-B024-4218ADDDC018}.Release|x86.ActiveCfg = Release|Any CPU
		{80DFFAAF-175A-4CA5-B024-4218ADDDC018}.Release|x86.Build.0 = Release|Any CPU
		{33A1AEA3-BD54-4A05-BE57-69B1268EAF88}.Debug|Any CPU.ActiveCfg = Debug|Any CPU
		{33A1AEA3-BD54-4A05-BE57-69B1268EAF88}.Debug|Any CPU.Build.0 = Debug|Any CPU
		{33A1AEA3-BD54-4A05-BE57-69B1268EAF88}.Debug|x86.ActiveCfg = Debug|Any CPU
		{33A1AEA3-BD54-4A05-BE57-69B1268EAF88}.Debug|x86.Build.0 = Debug|Any CPU
		{33A1AEA3-BD54-4A05-BE57-69B1268EAF88}.Release|Any CPU.ActiveCfg = Release|Any CPU
		{33A1AEA3-BD54-4A05-BE57-69B1268EAF88}.Release|Any CPU.Build.0 = Release|Any CPU
		{33A1AEA3-BD54-4A05-BE57-69B1268EAF88}.Release|x86.ActiveCfg = Release|Any CPU
		{33A1AEA3-BD54-4A05-BE57-69B1268EAF88}.Release|x86.Build.0 = Release|Any CPU
		{82249B6A-B906-471F-BD78-1A8053E4ADE0}.Debug|Any CPU.ActiveCfg = Debug|Any CPU
		{82249B6A-B906-471F-BD78-1A8053E4ADE0}.Debug|Any CPU.Build.0 = Debug|Any CPU
		{82249B6A-B906-471F-BD78-1A8053E4ADE0}.Debug|x86.ActiveCfg = Debug|Any CPU
		{82249B6A-B906-471F-BD78-1A8053E4ADE0}.Debug|x86.Build.0 = Debug|Any CPU
		{82249B6A-B906-471F-BD78-1A8053E4ADE0}.Release|Any CPU.ActiveCfg = Release|Any CPU
		{82249B6A-B906-471F-BD78-1A8053E4ADE0}.Release|Any CPU.Build.0 = Release|Any CPU
		{82249B6A-B906-471F-BD78-1A8053E4ADE0}.Release|x86.ActiveCfg = Release|Any CPU
		{82249B6A-B906-471F-BD78-1A8053E4ADE0}.Release|x86.Build.0 = Release|Any CPU
		{3F193066-9834-45C7-91AF-1D3769E97609}.Debug|Any CPU.ActiveCfg = Debug|Any CPU
		{3F193066-9834-45C7-91AF-1D3769E97609}.Debug|Any CPU.Build.0 = Debug|Any CPU
		{3F193066-9834-45C7-91AF-1D3769E97609}.Debug|x86.ActiveCfg = Debug|Any CPU
		{3F193066-9834-45C7-91AF-1D3769E97609}.Debug|x86.Build.0 = Debug|Any CPU
		{3F193066-9834-45C7-91AF-1D3769E97609}.Release|Any CPU.ActiveCfg = Release|Any CPU
		{3F193066-9834-45C7-91AF-1D3769E97609}.Release|Any CPU.Build.0 = Release|Any CPU
		{3F193066-9834-45C7-91AF-1D3769E97609}.Release|x86.ActiveCfg = Release|Any CPU
		{3F193066-9834-45C7-91AF-1D3769E97609}.Release|x86.Build.0 = Release|Any CPU
		{725396B2-697D-4E58-B616-F7CD0876BBA6}.Debug|Any CPU.ActiveCfg = Debug|Any CPU
		{725396B2-697D-4E58-B616-F7CD0876BBA6}.Debug|Any CPU.Build.0 = Debug|Any CPU
		{725396B2-697D-4E58-B616-F7CD0876BBA6}.Debug|x86.ActiveCfg = Debug|Any CPU
		{725396B2-697D-4E58-B616-F7CD0876BBA6}.Debug|x86.Build.0 = Debug|Any CPU
		{725396B2-697D-4E58-B616-F7CD0876BBA6}.Release|Any CPU.ActiveCfg = Release|Any CPU
		{725396B2-697D-4E58-B616-F7CD0876BBA6}.Release|Any CPU.Build.0 = Release|Any CPU
		{725396B2-697D-4E58-B616-F7CD0876BBA6}.Release|x86.ActiveCfg = Release|Any CPU
		{725396B2-697D-4E58-B616-F7CD0876BBA6}.Release|x86.Build.0 = Release|Any CPU
		{1B6B5666-7CEA-476A-9692-B55F29049E33}.Debug|Any CPU.ActiveCfg = Debug|Any CPU
		{1B6B5666-7CEA-476A-9692-B55F29049E33}.Debug|Any CPU.Build.0 = Debug|Any CPU
		{1B6B5666-7CEA-476A-9692-B55F29049E33}.Debug|x86.ActiveCfg = Debug|Any CPU
		{1B6B5666-7CEA-476A-9692-B55F29049E33}.Debug|x86.Build.0 = Debug|Any CPU
		{1B6B5666-7CEA-476A-9692-B55F29049E33}.Release|Any CPU.ActiveCfg = Release|Any CPU
		{1B6B5666-7CEA-476A-9692-B55F29049E33}.Release|Any CPU.Build.0 = Release|Any CPU
		{1B6B5666-7CEA-476A-9692-B55F29049E33}.Release|x86.ActiveCfg = Release|Any CPU
		{1B6B5666-7CEA-476A-9692-B55F29049E33}.Release|x86.Build.0 = Release|Any CPU
		{488B7745-3460-42C8-9EBC-DD919FCB4DB5}.Debug|Any CPU.ActiveCfg = Debug|Any CPU
		{488B7745-3460-42C8-9EBC-DD919FCB4DB5}.Debug|Any CPU.Build.0 = Debug|Any CPU
		{488B7745-3460-42C8-9EBC-DD919FCB4DB5}.Debug|x86.ActiveCfg = Debug|Any CPU
		{488B7745-3460-42C8-9EBC-DD919FCB4DB5}.Debug|x86.Build.0 = Debug|Any CPU
		{488B7745-3460-42C8-9EBC-DD919FCB4DB5}.Release|Any CPU.ActiveCfg = Release|Any CPU
		{488B7745-3460-42C8-9EBC-DD919FCB4DB5}.Release|Any CPU.Build.0 = Release|Any CPU
		{488B7745-3460-42C8-9EBC-DD919FCB4DB5}.Release|x86.ActiveCfg = Release|Any CPU
		{488B7745-3460-42C8-9EBC-DD919FCB4DB5}.Release|x86.Build.0 = Release|Any CPU
		{8D476604-D2CA-48B3-A4BA-66C7814975B5}.Debug|Any CPU.ActiveCfg = Debug|Any CPU
		{8D476604-D2CA-48B3-A4BA-66C7814975B5}.Debug|Any CPU.Build.0 = Debug|Any CPU
		{8D476604-D2CA-48B3-A4BA-66C7814975B5}.Debug|x86.ActiveCfg = Debug|Any CPU
		{8D476604-D2CA-48B3-A4BA-66C7814975B5}.Debug|x86.Build.0 = Debug|Any CPU
		{8D476604-D2CA-48B3-A4BA-66C7814975B5}.Release|Any CPU.ActiveCfg = Release|Any CPU
		{8D476604-D2CA-48B3-A4BA-66C7814975B5}.Release|Any CPU.Build.0 = Release|Any CPU
		{8D476604-D2CA-48B3-A4BA-66C7814975B5}.Release|x86.ActiveCfg = Release|Any CPU
		{8D476604-D2CA-48B3-A4BA-66C7814975B5}.Release|x86.Build.0 = Release|Any CPU
		{2FEF3A37-F9BB-4FD0-8A07-B40CD01CA07E}.Debug|Any CPU.ActiveCfg = Debug|Any CPU
		{2FEF3A37-F9BB-4FD0-8A07-B40CD01CA07E}.Debug|Any CPU.Build.0 = Debug|Any CPU
		{2FEF3A37-F9BB-4FD0-8A07-B40CD01CA07E}.Debug|x86.ActiveCfg = Debug|Any CPU
		{2FEF3A37-F9BB-4FD0-8A07-B40CD01CA07E}.Debug|x86.Build.0 = Debug|Any CPU
		{2FEF3A37-F9BB-4FD0-8A07-B40CD01CA07E}.Release|Any CPU.ActiveCfg = Release|Any CPU
		{2FEF3A37-F9BB-4FD0-8A07-B40CD01CA07E}.Release|Any CPU.Build.0 = Release|Any CPU
		{2FEF3A37-F9BB-4FD0-8A07-B40CD01CA07E}.Release|x86.ActiveCfg = Release|Any CPU
		{2FEF3A37-F9BB-4FD0-8A07-B40CD01CA07E}.Release|x86.Build.0 = Release|Any CPU
		{35C0058F-ED98-420E-A927-FB2B124647E6}.Debug|Any CPU.ActiveCfg = Debug|Any CPU
		{35C0058F-ED98-420E-A927-FB2B124647E6}.Debug|Any CPU.Build.0 = Debug|Any CPU
		{35C0058F-ED98-420E-A927-FB2B124647E6}.Debug|x86.ActiveCfg = Debug|Any CPU
		{35C0058F-ED98-420E-A927-FB2B124647E6}.Debug|x86.Build.0 = Debug|Any CPU
		{35C0058F-ED98-420E-A927-FB2B124647E6}.Release|Any CPU.ActiveCfg = Release|Any CPU
		{35C0058F-ED98-420E-A927-FB2B124647E6}.Release|Any CPU.Build.0 = Release|Any CPU
		{35C0058F-ED98-420E-A927-FB2B124647E6}.Release|x86.ActiveCfg = Release|Any CPU
		{35C0058F-ED98-420E-A927-FB2B124647E6}.Release|x86.Build.0 = Release|Any CPU
		{FBB1B5F4-4B05-45C1-882E-8B2632A4EF67}.Debug|Any CPU.ActiveCfg = Debug|Any CPU
		{FBB1B5F4-4B05-45C1-882E-8B2632A4EF67}.Debug|Any CPU.Build.0 = Debug|Any CPU
		{FBB1B5F4-4B05-45C1-882E-8B2632A4EF67}.Debug|x86.ActiveCfg = Debug|Any CPU
		{FBB1B5F4-4B05-45C1-882E-8B2632A4EF67}.Debug|x86.Build.0 = Debug|Any CPU
		{FBB1B5F4-4B05-45C1-882E-8B2632A4EF67}.Release|Any CPU.ActiveCfg = Release|Any CPU
		{FBB1B5F4-4B05-45C1-882E-8B2632A4EF67}.Release|Any CPU.Build.0 = Release|Any CPU
		{FBB1B5F4-4B05-45C1-882E-8B2632A4EF67}.Release|x86.ActiveCfg = Release|Any CPU
		{FBB1B5F4-4B05-45C1-882E-8B2632A4EF67}.Release|x86.Build.0 = Release|Any CPU
		{F12835DC-12E7-4406-ACC2-954539938E22}.Debug|Any CPU.ActiveCfg = Debug|Any CPU
		{F12835DC-12E7-4406-ACC2-954539938E22}.Debug|Any CPU.Build.0 = Debug|Any CPU
		{F12835DC-12E7-4406-ACC2-954539938E22}.Debug|x86.ActiveCfg = Debug|Any CPU
		{F12835DC-12E7-4406-ACC2-954539938E22}.Debug|x86.Build.0 = Debug|Any CPU
		{F12835DC-12E7-4406-ACC2-954539938E22}.Release|Any CPU.ActiveCfg = Release|Any CPU
		{F12835DC-12E7-4406-ACC2-954539938E22}.Release|Any CPU.Build.0 = Release|Any CPU
		{F12835DC-12E7-4406-ACC2-954539938E22}.Release|x86.ActiveCfg = Release|Any CPU
		{F12835DC-12E7-4406-ACC2-954539938E22}.Release|x86.Build.0 = Release|Any CPU
		{F19D851F-2709-43C4-8AE9-D4B4ED193978}.Debug|Any CPU.ActiveCfg = Debug|Any CPU
		{F19D851F-2709-43C4-8AE9-D4B4ED193978}.Debug|Any CPU.Build.0 = Debug|Any CPU
		{F19D851F-2709-43C4-8AE9-D4B4ED193978}.Debug|x86.ActiveCfg = Debug|Any CPU
		{F19D851F-2709-43C4-8AE9-D4B4ED193978}.Debug|x86.Build.0 = Debug|Any CPU
		{F19D851F-2709-43C4-8AE9-D4B4ED193978}.Release|Any CPU.ActiveCfg = Release|Any CPU
		{F19D851F-2709-43C4-8AE9-D4B4ED193978}.Release|Any CPU.Build.0 = Release|Any CPU
		{F19D851F-2709-43C4-8AE9-D4B4ED193978}.Release|x86.ActiveCfg = Release|Any CPU
		{F19D851F-2709-43C4-8AE9-D4B4ED193978}.Release|x86.Build.0 = Release|Any CPU
		{62BCE002-1A1D-440A-B87F-7171915CE727}.Debug|Any CPU.ActiveCfg = Debug|Any CPU
		{62BCE002-1A1D-440A-B87F-7171915CE727}.Debug|Any CPU.Build.0 = Debug|Any CPU
		{62BCE002-1A1D-440A-B87F-7171915CE727}.Debug|x86.ActiveCfg = Debug|Any CPU
		{62BCE002-1A1D-440A-B87F-7171915CE727}.Debug|x86.Build.0 = Debug|Any CPU
		{62BCE002-1A1D-440A-B87F-7171915CE727}.Release|Any CPU.ActiveCfg = Release|Any CPU
		{62BCE002-1A1D-440A-B87F-7171915CE727}.Release|Any CPU.Build.0 = Release|Any CPU
		{62BCE002-1A1D-440A-B87F-7171915CE727}.Release|x86.ActiveCfg = Release|Any CPU
		{62BCE002-1A1D-440A-B87F-7171915CE727}.Release|x86.Build.0 = Release|Any CPU
		{D2CBFB46-162B-4C2D-80F7-92A8402B2FCF}.Debug|Any CPU.ActiveCfg = Debug|Any CPU
		{D2CBFB46-162B-4C2D-80F7-92A8402B2FCF}.Debug|Any CPU.Build.0 = Debug|Any CPU
		{D2CBFB46-162B-4C2D-80F7-92A8402B2FCF}.Debug|x86.ActiveCfg = Debug|Any CPU
		{D2CBFB46-162B-4C2D-80F7-92A8402B2FCF}.Debug|x86.Build.0 = Debug|Any CPU
		{D2CBFB46-162B-4C2D-80F7-92A8402B2FCF}.Release|Any CPU.ActiveCfg = Release|Any CPU
		{D2CBFB46-162B-4C2D-80F7-92A8402B2FCF}.Release|Any CPU.Build.0 = Release|Any CPU
		{D2CBFB46-162B-4C2D-80F7-92A8402B2FCF}.Release|x86.ActiveCfg = Release|Any CPU
		{D2CBFB46-162B-4C2D-80F7-92A8402B2FCF}.Release|x86.Build.0 = Release|Any CPU
		{8EF5FFA4-7278-44DC-A2DE-9A2FEB954442}.Debug|Any CPU.ActiveCfg = Debug|Any CPU
		{8EF5FFA4-7278-44DC-A2DE-9A2FEB954442}.Debug|Any CPU.Build.0 = Debug|Any CPU
		{8EF5FFA4-7278-44DC-A2DE-9A2FEB954442}.Debug|x86.ActiveCfg = Debug|Any CPU
		{8EF5FFA4-7278-44DC-A2DE-9A2FEB954442}.Debug|x86.Build.0 = Debug|Any CPU
		{8EF5FFA4-7278-44DC-A2DE-9A2FEB954442}.Release|Any CPU.ActiveCfg = Release|Any CPU
		{8EF5FFA4-7278-44DC-A2DE-9A2FEB954442}.Release|Any CPU.Build.0 = Release|Any CPU
		{8EF5FFA4-7278-44DC-A2DE-9A2FEB954442}.Release|x86.ActiveCfg = Release|Any CPU
		{8EF5FFA4-7278-44DC-A2DE-9A2FEB954442}.Release|x86.Build.0 = Release|Any CPU
		{8AC25C83-6B5D-4305-817A-1CCF665B568F}.Debug|Any CPU.ActiveCfg = Debug|Any CPU
		{8AC25C83-6B5D-4305-817A-1CCF665B568F}.Debug|Any CPU.Build.0 = Debug|Any CPU
		{8AC25C83-6B5D-4305-817A-1CCF665B568F}.Debug|x86.ActiveCfg = Debug|Any CPU
		{8AC25C83-6B5D-4305-817A-1CCF665B568F}.Debug|x86.Build.0 = Debug|Any CPU
		{8AC25C83-6B5D-4305-817A-1CCF665B568F}.Release|Any CPU.ActiveCfg = Release|Any CPU
		{8AC25C83-6B5D-4305-817A-1CCF665B568F}.Release|Any CPU.Build.0 = Release|Any CPU
		{8AC25C83-6B5D-4305-817A-1CCF665B568F}.Release|x86.ActiveCfg = Release|Any CPU
		{8AC25C83-6B5D-4305-817A-1CCF665B568F}.Release|x86.Build.0 = Release|Any CPU
		{CFA214C9-69F8-45B1-9DF7-5A399CB64395}.Debug|Any CPU.ActiveCfg = Debug|Any CPU
		{CFA214C9-69F8-45B1-9DF7-5A399CB64395}.Debug|Any CPU.Build.0 = Debug|Any CPU
		{CFA214C9-69F8-45B1-9DF7-5A399CB64395}.Debug|x86.ActiveCfg = Debug|Any CPU
		{CFA214C9-69F8-45B1-9DF7-5A399CB64395}.Debug|x86.Build.0 = Debug|Any CPU
		{CFA214C9-69F8-45B1-9DF7-5A399CB64395}.Release|Any CPU.ActiveCfg = Release|Any CPU
		{CFA214C9-69F8-45B1-9DF7-5A399CB64395}.Release|Any CPU.Build.0 = Release|Any CPU
		{CFA214C9-69F8-45B1-9DF7-5A399CB64395}.Release|x86.ActiveCfg = Release|Any CPU
		{CFA214C9-69F8-45B1-9DF7-5A399CB64395}.Release|x86.Build.0 = Release|Any CPU
		{44523AE0-2384-41F6-AEFE-0706F56323B8}.Debug|Any CPU.ActiveCfg = Debug|Any CPU
		{44523AE0-2384-41F6-AEFE-0706F56323B8}.Debug|Any CPU.Build.0 = Debug|Any CPU
		{44523AE0-2384-41F6-AEFE-0706F56323B8}.Debug|x86.ActiveCfg = Debug|Any CPU
		{44523AE0-2384-41F6-AEFE-0706F56323B8}.Debug|x86.Build.0 = Debug|Any CPU
		{44523AE0-2384-41F6-AEFE-0706F56323B8}.Release|Any CPU.ActiveCfg = Release|Any CPU
		{44523AE0-2384-41F6-AEFE-0706F56323B8}.Release|Any CPU.Build.0 = Release|Any CPU
		{44523AE0-2384-41F6-AEFE-0706F56323B8}.Release|x86.ActiveCfg = Release|Any CPU
		{44523AE0-2384-41F6-AEFE-0706F56323B8}.Release|x86.Build.0 = Release|Any CPU
	EndGlobalSection
	GlobalSection(SolutionProperties) = preSolution
		HideSolutionNode = FALSE
	EndGlobalSection
	GlobalSection(NestedProjects) = preSolution
		{5E597A82-9DE9-4BA5-AD76-51202190E951} = {F1AF9A3B-7856-46C9-992A-391E5455BF1F}
		{9AA405CA-B7FD-44D0-9EBC-21F5D0F44DEB} = {57C5C966-ADB2-43F2-BB54-99BCB56C9F10}
		{931FA266-E756-41CA-9736-8B29235DC999} = {1B526C0E-EE4A-4E8F-BF8F-8C7397FB4918}
		{15BA35B5-3E54-4715-8857-36F4F96F51FB} = {F1AF9A3B-7856-46C9-992A-391E5455BF1F}
		{DFC0291C-0E48-4EFC-B613-7168D43AFE54} = {CC8DB471-0644-430D-9D4B-808A2475BEC0}
		{80DFFAAF-175A-4CA5-B024-4218ADDDC018} = {CC8DB471-0644-430D-9D4B-808A2475BEC0}
		{33A1AEA3-BD54-4A05-BE57-69B1268EAF88} = {CC8DB471-0644-430D-9D4B-808A2475BEC0}
		{82249B6A-B906-471F-BD78-1A8053E4ADE0} = {CC8DB471-0644-430D-9D4B-808A2475BEC0}
		{3F193066-9834-45C7-91AF-1D3769E97609} = {CC8DB471-0644-430D-9D4B-808A2475BEC0}
		{725396B2-697D-4E58-B616-F7CD0876BBA6} = {CC8DB471-0644-430D-9D4B-808A2475BEC0}
		{1B6B5666-7CEA-476A-9692-B55F29049E33} = {CC8DB471-0644-430D-9D4B-808A2475BEC0}
		{488B7745-3460-42C8-9EBC-DD919FCB4DB5} = {CC8DB471-0644-430D-9D4B-808A2475BEC0}
		{8D476604-D2CA-48B3-A4BA-66C7814975B5} = {CC8DB471-0644-430D-9D4B-808A2475BEC0}
		{2FEF3A37-F9BB-4FD0-8A07-B40CD01CA07E} = {CC8DB471-0644-430D-9D4B-808A2475BEC0}
		{35C0058F-ED98-420E-A927-FB2B124647E6} = {CC8DB471-0644-430D-9D4B-808A2475BEC0}
		{FBB1B5F4-4B05-45C1-882E-8B2632A4EF67} = {CC8DB471-0644-430D-9D4B-808A2475BEC0}
		{F12835DC-12E7-4406-ACC2-954539938E22} = {CC8DB471-0644-430D-9D4B-808A2475BEC0}
		{F19D851F-2709-43C4-8AE9-D4B4ED193978} = {CC8DB471-0644-430D-9D4B-808A2475BEC0}
		{62BCE002-1A1D-440A-B87F-7171915CE727} = {CC8DB471-0644-430D-9D4B-808A2475BEC0}
		{D2CBFB46-162B-4C2D-80F7-92A8402B2FCF} = {CC8DB471-0644-430D-9D4B-808A2475BEC0}
		{8EF5FFA4-7278-44DC-A2DE-9A2FEB954442} = {CC8DB471-0644-430D-9D4B-808A2475BEC0}
		{8AC25C83-6B5D-4305-817A-1CCF665B568F} = {CC8DB471-0644-430D-9D4B-808A2475BEC0}
		{CFA214C9-69F8-45B1-9DF7-5A399CB64395} = {CC8DB471-0644-430D-9D4B-808A2475BEC0}
		{44523AE0-2384-41F6-AEFE-0706F56323B8} = {CC8DB471-0644-430D-9D4B-808A2475BEC0}
	EndGlobalSection
	GlobalSection(ExtensibilityGlobals) = postSolution
		SolutionGuid = {4DB4E6D7-1EEE-47F3-9530-F142104A7AC2}
	EndGlobalSection
EndGlobal
